{
    "_readme": [
        "This file locks the dependencies of your project to a known state",
        "Read more about it at https://getcomposer.org/doc/01-basic-usage.md#composer-lock-the-lock-file",
        "This file is @generated automatically"
    ],
    "hash": "a8a2d4da028049f1131512239e047a3e",
    "content-hash": "ae110f36ad70993f1acf5f8fedc303f1",
    "packages": [
        {
            "name": "chobie/jira-api-restclient",
            "version": "v1.0.0",
            "source": {
                "type": "git",
                "url": "https://github.com/chobie/jira-api-restclient.git",
                "reference": "68c082d2bbcab5e9ba97e8b46496b3b1afceed6f"
            },
            "dist": {
                "type": "zip",
                "url": "https://api.github.com/repos/chobie/jira-api-restclient/zipball/68c082d2bbcab5e9ba97e8b46496b3b1afceed6f",
                "reference": "68c082d2bbcab5e9ba97e8b46496b3b1afceed6f",
                "shasum": ""
            },
            "require": {
                "php": ">=5.2.4"
            },
            "type": "library",
            "extra": {
                "branch-alias": {
                    "dev-master": "1.0-dev"
                }
            },
            "autoload": {
                "psr-0": {
                    "Jira_": "./"
                }
            },
            "notification-url": "https://packagist.org/downloads/",
            "license": [
                "MIT"
            ],
            "authors": [
                {
                    "name": "Shuhei Tanuma",
                    "email": "chobieeee@php.net",
                    "homepage": "http://blog.stfalcon.com"
                }
            ],
            "description": "JIRA REST API.",
            "keywords": [
                "api",
                "jira",
                "rest"
            ],
            "time": "2014-07-27 11:40:44"
        },
        {
            "name": "kdyby/console",
            "version": "v2.6.0",
            "source": {
                "type": "git",
                "url": "https://github.com/Kdyby/Console.git",
                "reference": "88b7c70721be8cfefb55c562819c852736b816c5"
            },
            "dist": {
                "type": "zip",
                "url": "https://api.github.com/repos/Kdyby/Console/zipball/88b7c70721be8cfefb55c562819c852736b816c5",
                "reference": "88b7c70721be8cfefb55c562819c852736b816c5",
                "shasum": ""
            },
            "require": {
                "nette/di": "~2.3@dev",
                "php": ">=5.4",
                "symfony/console": "~2.3"
            },
            "require-dev": {
                "kdyby/events": "~2.4@dev|~3.0@dev",
                "latte/latte": "~2.3@dev",
                "nette/application": "~2.3@dev",
                "nette/bootstrap": "~2.3@dev",
                "nette/caching": "~2.3@dev",
                "nette/component-model": "~2.2@dev",
                "nette/database": "~2.3@dev",
                "nette/deprecated": "~2.3@dev",
                "nette/di": "~2.3@dev",
                "nette/finder": "~2.3@dev",
                "nette/forms": "~2.3@dev",
                "nette/http": "~2.3@dev",
                "nette/mail": "~2.3@dev",
                "nette/neon": "~2.3@dev",
                "nette/php-generator": "~2.3@dev",
                "nette/reflection": "~2.3@dev",
                "nette/robot-loader": "~2.3@dev",
                "nette/safe-stream": "~2.3@dev",
                "nette/security": "~2.3@dev",
                "nette/tester": "~1.6@rc",
                "nette/tokenizer": "~2.2@dev",
                "nette/utils": "~2.3@dev",
                "symfony/event-dispatcher": "~2.3",
                "tracy/tracy": "~2.3@dev"
            },
            "suggest": {
                "nette/application": "For hooking the extension into the app and enabling running it through www/index.php",
                "nette/http": "For faking the url of the request in cli"
            },
            "type": "library",
            "extra": {
                "branch-alias": {
                    "dev-master": "2.5-dev"
                }
            },
            "autoload": {
                "psr-0": {
                    "Kdyby\\Console\\": "src/"
                },
                "classmap": [
                    "src/Kdyby/Console/CliPresenter.php",
                    "src/Kdyby/Console/exceptions.php"
                ]
            },
            "notification-url": "https://packagist.org/downloads/",
            "license": [
                "BSD-3-Clause",
                "GPL-2.0",
                "GPL-3.0"
            ],
            "authors": [
                {
                    "name": "Filip Procházka",
                    "email": "filip@prochazka.su",
                    "homepage": "http://filip-prochazka.com"
                }
            ],
            "description": "Symfony Console integration for Kdyby components",
            "homepage": "http://kdyby.org",
            "keywords": [
                "console",
                "kdyby",
                "nette"
            ],
            "time": "2016-04-19 11:57:00"
        },
        {
            "name": "kdyby/events",
            "version": "v3.0.1",
            "source": {
                "type": "git",
                "url": "https://github.com/Kdyby/Events.git",
                "reference": "3cd25365d4e0fa974c1dcf4406a08d5d516aebce"
            },
            "dist": {
                "type": "zip",
                "url": "https://api.github.com/repos/Kdyby/Events/zipball/3cd25365d4e0fa974c1dcf4406a08d5d516aebce",
                "reference": "3cd25365d4e0fa974c1dcf4406a08d5d516aebce",
                "shasum": ""
            },
            "require": {
                "nette/di": "~2.3@dev",
                "nette/utils": "~2.3@dev"
            },
            "require-dev": {
                "latte/latte": "~2.3@dev",
                "nette/application": "~2.3@dev",
                "nette/bootstrap": "~2.3@dev",
                "nette/caching": "~2.3@dev",
                "nette/component-model": "~2.2@dev",
                "nette/database": "~2.3@dev",
                "nette/deprecated": "~2.3@dev",
                "nette/di": "~2.3@dev",
                "nette/finder": "~2.3@dev",
                "nette/forms": "~2.3@dev",
                "nette/http": "~2.3@dev",
                "nette/mail": "~2.3@dev",
                "nette/neon": "~2.3@dev",
                "nette/php-generator": "~2.3@dev",
                "nette/reflection": "~2.3@dev",
                "nette/robot-loader": "~2.3@dev",
                "nette/safe-stream": "~2.3@dev",
                "nette/security": "~2.3@dev",
                "nette/tester": "~1.4",
                "nette/tokenizer": "~2.2@dev",
                "nette/utils": "~2.3@dev",
                "symfony/event-dispatcher": "~2.3",
                "tracy/tracy": "~2.3@dev"
            },
            "type": "library",
            "extra": {
                "branch-alias": {
                    "dev-master": "3.0-dev"
                }
            },
            "autoload": {
                "psr-0": {
                    "Kdyby\\Events\\": "src/"
                },
                "classmap": [
                    "src/Kdyby/Events/exceptions.php"
                ],
                "files": [
                    "src/Doctrine/compatibility.php"
                ]
            },
            "notification-url": "https://packagist.org/downloads/",
            "license": [
                "BSD-3-Clause",
                "GPL-2.0",
                "GPL-3.0"
            ],
            "authors": [
                {
                    "name": "Filip Procházka",
                    "email": "filip@prochazka.su",
                    "homepage": "http://filip-prochazka.com"
                }
            ],
            "description": "Events for Nette Framework",
            "homepage": "http://kdyby.org",
            "keywords": [
                "kdyby",
                "nette"
            ],
            "time": "2016-04-19 10:03:12"
        },
        {
            "name": "nette/bootstrap",
            "version": "v2.3.4",
            "source": {
                "type": "git",
                "url": "https://github.com/nette/bootstrap.git",
                "reference": "e32964df66f2c5a3a50b229204f583d20c1f6829"
            },
            "dist": {
                "type": "zip",
                "url": "https://api.github.com/repos/nette/bootstrap/zipball/e32964df66f2c5a3a50b229204f583d20c1f6829",
                "reference": "e32964df66f2c5a3a50b229204f583d20c1f6829",
                "shasum": ""
            },
            "require": {
                "nette/di": "~2.3",
                "nette/utils": "~2.2",
                "php": ">=5.3.1"
            },
            "conflict": {
                "nette/nette": "<2.2"
            },
            "require-dev": {
                "latte/latte": "~2.2",
                "nette/application": "~2.3",
                "nette/caching": "~2.3",
                "nette/database": "~2.3",
                "nette/forms": "~2.3",
                "nette/http": "~2.3",
                "nette/mail": "~2.3",
                "nette/robot-loader": "~2.2",
                "nette/safe-stream": "~2.2",
                "nette/security": "~2.3",
                "nette/tester": "~1.3",
                "tracy/tracy": "~2.3"
            },
            "suggest": {
                "nette/robot-loader": "to use Configurator::createRobotLoader()",
                "tracy/tracy": "to use Configurator::enableDebugger()"
            },
            "type": "library",
            "autoload": {
                "classmap": [
                    "src/"
                ]
            },
            "notification-url": "https://packagist.org/downloads/",
            "license": [
                "BSD-3-Clause",
                "GPL-2.0",
                "GPL-3.0"
            ],
            "authors": [
                {
                    "name": "David Grudl",
                    "homepage": "https://davidgrudl.com"
                },
                {
                    "name": "Nette Community",
                    "homepage": "https://nette.org/contributors"
                }
            ],
            "description": "Nette Bootstrap",
            "homepage": "https://nette.org",
            "time": "2015-11-16 20:18:31"
        },
        {
            "name": "nette/caching",
            "version": "v2.4.4",
            "source": {
                "type": "git",
                "url": "https://github.com/nette/caching.git",
                "reference": "9bcb68939f4387a89dc7be0fb5dcaae98b87976b"
            },
            "dist": {
                "type": "zip",
                "url": "https://api.github.com/repos/nette/caching/zipball/9bcb68939f4387a89dc7be0fb5dcaae98b87976b",
                "reference": "9bcb68939f4387a89dc7be0fb5dcaae98b87976b",
                "shasum": ""
            },
            "require": {
                "nette/finder": "~2.2",
                "nette/utils": "~2.2",
                "php": ">=5.4.4"
            },
            "conflict": {
                "nette/nette": "<2.2"
            },
            "require-dev": {
                "latte/latte": "~2.3.0",
                "nette/di": "~2.3",
                "nette/tester": "~1.6"
            },
            "type": "library",
            "extra": {
                "branch-alias": {
                    "dev-master": "2.4-dev"
                }
            },
            "autoload": {
                "classmap": [
                    "src/"
                ]
            },
            "notification-url": "https://packagist.org/downloads/",
            "license": [
                "BSD-3-Clause",
                "GPL-2.0",
                "GPL-3.0"
            ],
            "authors": [
                {
                    "name": "David Grudl",
                    "homepage": "https://davidgrudl.com"
                },
                {
                    "name": "Nette Community",
                    "homepage": "https://nette.org/contributors"
                }
            ],
            "description": "Nette Caching Component",
            "homepage": "https://nette.org",
            "time": "2016-02-22 01:58:50"
        },
        {
            "name": "nette/di",
            "version": "v2.3.10",
            "source": {
                "type": "git",
                "url": "https://github.com/nette/di.git",
                "reference": "2e361f237de2c2e0b54ad83716b605180c27f09f"
            },
            "dist": {
                "type": "zip",
                "url": "https://api.github.com/repos/nette/di/zipball/2e361f237de2c2e0b54ad83716b605180c27f09f",
                "reference": "2e361f237de2c2e0b54ad83716b605180c27f09f",
                "shasum": ""
            },
            "require": {
                "nette/neon": "^2.3.3",
                "nette/php-generator": "^2.3.3",
                "nette/utils": "^2.3.5",
                "php": ">=5.3.1"
            },
            "conflict": {
                "nette/nette": "<2.2"
            },
            "require-dev": {
                "nette/tester": "^1.6"
            },
            "type": "library",
            "autoload": {
                "classmap": [
                    "src/"
                ]
            },
            "notification-url": "https://packagist.org/downloads/",
            "license": [
                "BSD-3-Clause",
                "GPL-2.0",
                "GPL-3.0"
            ],
            "authors": [
                {
                    "name": "David Grudl",
                    "homepage": "https://davidgrudl.com"
                },
                {
                    "name": "Nette Community",
                    "homepage": "https://nette.org/contributors"
                }
            ],
            "description": "Nette Dependency Injection Component",
            "homepage": "https://nette.org",
            "time": "2016-03-11 22:33:31"
        },
        {
            "name": "nette/finder",
            "version": "v2.3.2",
            "source": {
                "type": "git",
                "url": "https://github.com/nette/finder.git",
                "reference": "ea8e796b42d542bd90e76f5b2a41c2c86a008256"
            },
            "dist": {
                "type": "zip",
                "url": "https://api.github.com/repos/nette/finder/zipball/ea8e796b42d542bd90e76f5b2a41c2c86a008256",
                "reference": "ea8e796b42d542bd90e76f5b2a41c2c86a008256",
                "shasum": ""
            },
            "require": {
                "nette/utils": "~2.2",
                "php": ">=5.3.1"
            },
            "conflict": {
                "nette/nette": "<2.2"
            },
            "require-dev": {
                "nette/tester": "~1.4"
            },
            "type": "library",
            "autoload": {
                "classmap": [
                    "src/"
                ]
            },
            "notification-url": "https://packagist.org/downloads/",
            "license": [
                "BSD-3-Clause",
                "GPL-2.0",
                "GPL-3.0"
            ],
            "authors": [
                {
                    "name": "David Grudl",
                    "homepage": "https://davidgrudl.com"
                },
                {
                    "name": "Nette Community",
                    "homepage": "https://nette.org/contributors"
                }
            ],
            "description": "Nette Finder: Files Searching",
            "homepage": "https://nette.org",
            "time": "2015-10-20 17:15:41"
        },
        {
            "name": "nette/neon",
            "version": "v2.3.4",
            "source": {
                "type": "git",
                "url": "https://github.com/nette/neon.git",
                "reference": "0042f72a2c51b24f5de3ca5f365494cd9b0d45f0"
            },
            "dist": {
                "type": "zip",
                "url": "https://api.github.com/repos/nette/neon/zipball/0042f72a2c51b24f5de3ca5f365494cd9b0d45f0",
                "reference": "0042f72a2c51b24f5de3ca5f365494cd9b0d45f0",
                "shasum": ""
            },
            "require": {
                "ext-iconv": "*",
                "php": ">=5.3.1"
            },
            "require-dev": {
                "nette/tester": "~1.4"
            },
            "type": "library",
            "autoload": {
                "classmap": [
                    "src/"
                ]
            },
            "notification-url": "https://packagist.org/downloads/",
            "license": [
                "BSD-3-Clause",
                "GPL-2.0",
                "GPL-3.0"
            ],
            "authors": [
                {
                    "name": "David Grudl",
                    "homepage": "https://davidgrudl.com"
                },
                {
                    "name": "Nette Community",
                    "homepage": "https://nette.org/contributors"
                }
            ],
            "description": "Nette NEON: parser & generator for Nette Object Notation",
            "homepage": "http://ne-on.org",
            "time": "2016-01-13 14:20:27"
        },
        {
            "name": "nette/php-generator",
            "version": "v2.3.5",
            "source": {
                "type": "git",
                "url": "https://github.com/nette/php-generator.git",
                "reference": "224730a45e0cd6e76e692997a3d981a592f80b5d"
            },
            "dist": {
                "type": "zip",
                "url": "https://api.github.com/repos/nette/php-generator/zipball/224730a45e0cd6e76e692997a3d981a592f80b5d",
                "reference": "224730a45e0cd6e76e692997a3d981a592f80b5d",
                "shasum": ""
            },
            "require": {
                "nette/utils": "~2.2",
                "php": ">=5.3.1"
            },
            "conflict": {
                "nette/nette": "<2.2"
            },
            "require-dev": {
                "nette/tester": "~1.4"
            },
            "type": "library",
            "autoload": {
                "classmap": [
                    "src/"
                ]
            },
            "notification-url": "https://packagist.org/downloads/",
            "license": [
                "BSD-3-Clause",
                "GPL-2.0",
                "GPL-3.0"
            ],
            "authors": [
                {
                    "name": "David Grudl",
                    "homepage": "https://davidgrudl.com"
                },
                {
                    "name": "Nette Community",
                    "homepage": "https://nette.org/contributors"
                }
            ],
            "description": "Nette PHP Generator",
            "homepage": "https://nette.org",
            "time": "2015-11-29 22:14:37"
        },
        {
            "name": "nette/reflection",
            "version": "v2.3.2",
            "source": {
                "type": "git",
                "url": "https://github.com/nette/reflection.git",
                "reference": "6c39adc4661f5f7b64be7ee161b8f67d8174da4d"
            },
            "dist": {
                "type": "zip",
                "url": "https://api.github.com/repos/nette/reflection/zipball/6c39adc4661f5f7b64be7ee161b8f67d8174da4d",
                "reference": "6c39adc4661f5f7b64be7ee161b8f67d8174da4d",
                "shasum": ""
            },
            "require": {
                "ext-tokenizer": "*",
                "nette/caching": "~2.2",
                "nette/utils": "~2.2",
                "php": ">=5.3.1"
            },
            "conflict": {
                "nette/nette": "<2.2"
            },
            "require-dev": {
                "nette/di": "~2.3",
                "nette/tester": "~1.4"
            },
            "type": "library",
            "autoload": {
                "classmap": [
                    "src/"
                ]
            },
            "notification-url": "https://packagist.org/downloads/",
            "license": [
                "BSD-3-Clause",
                "GPL-2.0",
                "GPL-3.0"
            ],
            "authors": [
                {
                    "name": "David Grudl",
                    "homepage": "https://davidgrudl.com"
                },
                {
                    "name": "Nette Community",
                    "homepage": "https://nette.org/contributors"
                }
            ],
            "description": "Nette PHP Reflection Component",
            "homepage": "https://nette.org",
            "time": "2016-03-12 14:57:07"
        },
        {
            "name": "nette/utils",
            "version": "v2.3.8",
            "source": {
                "type": "git",
                "url": "https://github.com/nette/utils.git",
                "reference": "34ca4cd67bb768199aae2879eb8ad0ab016f2d8a"
            },
            "dist": {
                "type": "zip",
                "url": "https://api.github.com/repos/nette/utils/zipball/34ca4cd67bb768199aae2879eb8ad0ab016f2d8a",
                "reference": "34ca4cd67bb768199aae2879eb8ad0ab016f2d8a",
                "shasum": ""
            },
            "require": {
                "php": ">=5.3.1"
            },
            "conflict": {
                "nette/nette": "<2.2"
            },
            "require-dev": {
                "nette/tester": "~1.0"
            },
            "suggest": {
                "ext-gd": "to use Image",
                "ext-iconv": "to use Strings::webalize() and toAscii()",
                "ext-intl": "for script transliteration in Strings::webalize() and toAscii()",
                "ext-mbstring": "to use Strings::lower() etc..."
            },
            "type": "library",
            "autoload": {
                "classmap": [
                    "src/"
                ]
            },
            "notification-url": "https://packagist.org/downloads/",
            "license": [
                "BSD-3-Clause",
                "GPL-2.0",
                "GPL-3.0"
            ],
            "authors": [
                {
                    "name": "David Grudl",
                    "homepage": "https://davidgrudl.com"
                },
                {
                    "name": "Nette Community",
                    "homepage": "https://nette.org/contributors"
                }
            ],
            "description": "Nette Utility Classes",
            "homepage": "https://nette.org",
            "time": "2016-03-18 17:36:54"
        },
        {
            "name": "swiftmailer/swiftmailer",
            "version": "v5.4.2",
            "source": {
                "type": "git",
                "url": "https://github.com/swiftmailer/swiftmailer.git",
                "reference": "d8db871a54619458a805229a057ea2af33c753e8"
            },
            "dist": {
                "type": "zip",
                "url": "https://api.github.com/repos/swiftmailer/swiftmailer/zipball/d8db871a54619458a805229a057ea2af33c753e8",
                "reference": "d8db871a54619458a805229a057ea2af33c753e8",
                "shasum": ""
            },
            "require": {
                "php": ">=5.3.3"
            },
            "require-dev": {
                "mockery/mockery": "~0.9.1,<0.9.4"
            },
            "type": "library",
            "extra": {
                "branch-alias": {
                    "dev-master": "5.4-dev"
                }
            },
            "autoload": {
                "files": [
                    "lib/swift_required.php"
                ]
            },
            "notification-url": "https://packagist.org/downloads/",
            "license": [
                "MIT"
            ],
            "authors": [
                {
                    "name": "Chris Corbyn"
                },
                {
                    "name": "Fabien Potencier",
                    "email": "fabien@symfony.com"
                }
            ],
            "description": "Swiftmailer, free feature-rich PHP mailer",
            "homepage": "http://swiftmailer.org",
            "keywords": [
                "email",
                "mail",
                "mailer"
            ],
            "time": "2016-05-01 08:45:47"
        },
        {
            "name": "symfony/console",
            "version": "v2.8.6",
            "source": {
                "type": "git",
                "url": "https://github.com/symfony/console.git",
                "reference": "48221d3de4dc22d2cd57c97e8b9361821da86609"
            },
            "dist": {
                "type": "zip",
                "url": "https://api.github.com/repos/symfony/console/zipball/48221d3de4dc22d2cd57c97e8b9361821da86609",
                "reference": "48221d3de4dc22d2cd57c97e8b9361821da86609",
                "shasum": ""
            },
            "require": {
                "php": ">=5.3.9",
                "symfony/polyfill-mbstring": "~1.0"
            },
            "require-dev": {
                "psr/log": "~1.0",
                "symfony/event-dispatcher": "~2.1|~3.0.0",
                "symfony/process": "~2.1|~3.0.0"
            },
            "suggest": {
                "psr/log": "For using the console logger",
                "symfony/event-dispatcher": "",
                "symfony/process": ""
            },
            "type": "library",
            "extra": {
                "branch-alias": {
                    "dev-master": "2.8-dev"
                }
            },
            "autoload": {
                "psr-4": {
                    "Symfony\\Component\\Console\\": ""
                },
                "exclude-from-classmap": [
                    "/Tests/"
                ]
            },
            "notification-url": "https://packagist.org/downloads/",
            "license": [
                "MIT"
            ],
            "authors": [
                {
                    "name": "Fabien Potencier",
                    "email": "fabien@symfony.com"
                },
                {
                    "name": "Symfony Community",
                    "homepage": "https://symfony.com/contributors"
                }
            ],
            "description": "Symfony Console Component",
            "homepage": "https://symfony.com",
            "time": "2016-04-26 12:00:47"
        },
        {
            "name": "symfony/polyfill-mbstring",
            "version": "v1.2.0",
            "source": {
                "type": "git",
                "url": "https://github.com/symfony/polyfill-mbstring.git",
                "reference": "dff51f72b0706335131b00a7f49606168c582594"
            },
            "dist": {
                "type": "zip",
                "url": "https://api.github.com/repos/symfony/polyfill-mbstring/zipball/dff51f72b0706335131b00a7f49606168c582594",
                "reference": "dff51f72b0706335131b00a7f49606168c582594",
                "shasum": ""
            },
            "require": {
                "php": ">=5.3.3"
            },
            "suggest": {
                "ext-mbstring": "For best performance"
            },
            "type": "library",
            "extra": {
                "branch-alias": {
                    "dev-master": "1.2-dev"
                }
            },
            "autoload": {
                "psr-4": {
                    "Symfony\\Polyfill\\Mbstring\\": ""
                },
                "files": [
                    "bootstrap.php"
                ]
            },
            "notification-url": "https://packagist.org/downloads/",
            "license": [
                "MIT"
            ],
            "authors": [
                {
                    "name": "Nicolas Grekas",
                    "email": "p@tchwork.com"
                },
                {
                    "name": "Symfony Community",
                    "homepage": "https://symfony.com/contributors"
                }
            ],
            "description": "Symfony polyfill for the Mbstring extension",
            "homepage": "https://symfony.com",
            "keywords": [
                "compatibility",
                "mbstring",
                "polyfill",
                "portable",
                "shim"
            ],
            "time": "2016-05-18 14:26:46"
        },
        {
            "name": "tracy/tracy",
            "version": "v2.3.10",
            "source": {
                "type": "git",
                "url": "https://github.com/nette/tracy.git",
                "reference": "0378bbc73ba54be60f90a00faa148768fb723406"
            },
            "dist": {
                "type": "zip",
                "url": "https://api.github.com/repos/nette/tracy/zipball/0378bbc73ba54be60f90a00faa148768fb723406",
                "reference": "0378bbc73ba54be60f90a00faa148768fb723406",
                "shasum": ""
            },
            "require": {
                "php": ">=5.3.1"
            },
            "require-dev": {
                "nette/di": "~2.3",
                "nette/tester": "~1.3"
            },
            "type": "library",
            "autoload": {
                "classmap": [
                    "src"
                ],
                "files": [
                    "src/shortcuts.php"
                ]
            },
            "notification-url": "https://packagist.org/downloads/",
            "license": [
                "BSD-3-Clause",
                "GPL-2.0",
                "GPL-3.0"
            ],
            "authors": [
                {
                    "name": "David Grudl",
                    "homepage": "https://davidgrudl.com"
                },
                {
                    "name": "Nette Community",
                    "homepage": "https://nette.org/contributors"
                }
            ],
            "description": "Tracy: useful PHP debugger",
            "homepage": "https://tracy.nette.org",
            "keywords": [
                "debug",
                "debugger",
                "nette"
            ],
            "time": "2016-02-28 21:39:42"
        },
        {
            "name": "vlucas/phpdotenv",
            "version": "v2.2.1",
            "source": {
                "type": "git",
                "url": "https://github.com/vlucas/phpdotenv.git",
                "reference": "63f37b9395e8041cd4313129c08ece896d06ca8e"
            },
            "dist": {
                "type": "zip",
                "url": "https://api.github.com/repos/vlucas/phpdotenv/zipball/63f37b9395e8041cd4313129c08ece896d06ca8e",
                "reference": "63f37b9395e8041cd4313129c08ece896d06ca8e",
                "shasum": ""
            },
            "require": {
                "php": ">=5.3.9"
            },
            "require-dev": {
                "phpunit/phpunit": "^4.8 || ^5.0"
            },
            "type": "library",
            "extra": {
                "branch-alias": {
                    "dev-master": "2.2-dev"
                }
            },
            "autoload": {
                "psr-4": {
                    "Dotenv\\": "src/"
                }
            },
            "notification-url": "https://packagist.org/downloads/",
            "license": [
                "BSD-3-Clause-Attribution"
            ],
            "authors": [
                {
                    "name": "Vance Lucas",
                    "email": "vance@vancelucas.com",
                    "homepage": "http://www.vancelucas.com"
                }
            ],
            "description": "Loads environment variables from `.env` to `getenv()`, `$_ENV` and `$_SERVER` automagically.",
            "keywords": [
                "dotenv",
                "env",
                "environment"
            ],
            "time": "2016-04-15 10:48:49"
        }
    ],
    "packages-dev": [],
    "aliases": [],
    "minimum-stability": "stable",
    "stability-flags": [],
    "prefer-stable": false,
    "prefer-lowest": false,
    "platform": [],
    "platform-dev": []
}
